{
  "version": 4,
  "terraform_version": "1.11.4",
  "serial": 1,
  "lineage": "4f362964-4d86-3d40-24d7-575fcf56cec2",
  "outputs": {},
  "resources": [
    {
      "mode": "managed",
      "type": "dns_a_record_set",
      "name": "name",
      "provider": "provider[\"registry.terraform.io/hashicorp/dns\"]",
      "instances": [
        {
          "schema_version": 0,
          "attributes": {
            "addresses": [
              "172.16.20.20",
              "172.16.20.21"
            ],
            "id": "test.garrahan.gov.ar.",
            "name": "test",
            "ttl": 300,
            "zone": "garrahan.gov.ar."
          },
          "sensitive_attributes": [],
          "private": "bnVsbA=="
        }
      ]
    }
  ],
  "check_results": null
}
