{
  "version": 4,
  "terraform_version": "1.13.3",
  "serial": 30,
  "lineage": "5ab1e37e-4d3a-6529-8359-783338476d2e",
  "outputs": {},
  "resources": [
    {
      "module": "module.ebs_volume",
      "mode": "managed",
      "type": "aws_ebs_volume",
      "name": "data",
      "provider": "provider[\"registry.terraform.io/hashicorp/aws\"]",
      "instances": [
        {
          "schema_version": 0,
          "attributes": {
            "arn": "arn:aws:ec2:us-east-2:196889535902:volume/vol-0e88f6000a81747b2",
            "availability_zone": "us-east-2a",
            "create_time": "2025-09-25T18:18:58Z",
            "encrypted": false,
            "final_snapshot": false,
            "id": "vol-0e88f6000a81747b2",
            "iops": 100,
            "kms_key_id": "",
            "multi_attach_enabled": false,
            "outpost_arn": "",
            "region": "us-east-2",
            "size": 8,
            "snapshot_id": "",
            "tags": {
              "Name": "DataVolume"
            },
            "tags_all": {
              "Name": "DataVolume"
            },
            "throughput": 0,
            "timeouts": null,
            "type": "gp2",
            "volume_initialization_rate": 0
          },
          "sensitive_attributes": [],
          "identity_schema_version": 0,
          "private": "eyJlMmJmYjczMC1lY2FhLTExZTYtOGY4OC0zNDM2M2JjN2M0YzAiOnsiY3JlYXRlIjozMDAwMDAwMDAwMDAsImRlbGV0ZSI6NjAwMDAwMDAwMDAwLCJ1cGRhdGUiOjMwMDAwMDAwMDAwMH19"
        }
      ]
    },
    {
      "module": "module.ebs_volume",
      "mode": "managed",
      "type": "aws_volume_attachment",
      "name": "ebs-att",
      "provider": "provider[\"registry.terraform.io/hashicorp/aws\"]",
      "instances": [
        {
          "schema_version": 0,
          "attributes": {
            "device_name": "/dev/xvdf",
            "force_detach": true,
            "id": "vai-1906281546",
            "instance_id": "i-03a18b611f2c9abfa",
            "region": "us-east-2",
            "skip_destroy": null,
            "stop_instance_before_detaching": null,
            "timeouts": null,
            "volume_id": "vol-0e88f6000a81747b2"
          },
          "sensitive_attributes": [],
          "identity_schema_version": 0,
          "private": "eyJlMmJmYjczMC1lY2FhLTExZTYtOGY4OC0zNDM2M2JjN2M0YzAiOnsiY3JlYXRlIjozMDAwMDAwMDAwMDAsImRlbGV0ZSI6MzAwMDAwMDAwMDAwfX0=",
          "dependencies": [
            "module.ebs_volume.aws_ebs_volume.data",
            "module.ec2_instance.aws_instance.proxy",
            "module.ec2_instance.aws_security_group.proxy_sg"
          ]
        }
      ]
    },
    {
      "module": "module.ec2_instance",
      "mode": "managed",
      "type": "aws_instance",
      "name": "proxy",
      "provider": "provider[\"registry.terraform.io/hashicorp/aws\"]",
      "instances": [
        {
          "schema_version": 2,
          "attributes": {
            "ami": "ami-0ca4d5db4872d0c28",
            "arn": "arn:aws:ec2:us-east-2:196889535902:instance/i-03a18b611f2c9abfa",
            "associate_public_ip_address": true,
            "availability_zone": "us-east-2a",
            "capacity_reservation_specification": [
              {
                "capacity_reservation_preference": "open",
                "capacity_reservation_target": []
              }
            ],
            "cpu_options": [
              {
                "amd_sev_snp": "",
                "core_count": 1,
                "threads_per_core": 1
              }
            ],
            "credit_specification": [
              {
                "cpu_credits": "standard"
              }
            ],
            "disable_api_stop": false,
            "disable_api_termination": false,
            "ebs_block_device": [
              {
                "delete_on_termination": false,
                "device_name": "/dev/xvdf",
                "encrypted": false,
                "iops": 100,
                "kms_key_id": "",
                "snapshot_id": "",
                "tags": {
                  "Name": "DataVolume"
                },
                "tags_all": {
                  "Name": "DataVolume"
                },
                "throughput": 0,
                "volume_id": "vol-0e88f6000a81747b2",
                "volume_size": 8,
                "volume_type": "gp2"
              }
            ],
            "ebs_optimized": false,
            "enable_primary_ipv6": null,
            "enclave_options": [
              {
                "enabled": false
              }
            ],
            "ephemeral_block_device": [],
            "force_destroy": false,
            "get_password_data": false,
            "hibernation": false,
            "host_id": "",
            "host_resource_group_arn": null,
            "iam_instance_profile": "",
            "id": "i-03a18b611f2c9abfa",
            "instance_initiated_shutdown_behavior": "stop",
            "instance_lifecycle": "",
            "instance_market_options": [],
            "instance_state": "running",
            "instance_type": "t2.micro",
            "ipv6_address_count": 0,
            "ipv6_addresses": [],
            "key_name": "terra_test",
            "launch_template": [],
            "maintenance_options": [
              {
                "auto_recovery": "default"
              }
            ],
            "metadata_options": [
              {
                "http_endpoint": "enabled",
                "http_protocol_ipv6": "disabled",
                "http_put_response_hop_limit": 2,
                "http_tokens": "required",
                "instance_metadata_tags": "disabled"
              }
            ],
            "monitoring": false,
            "network_interface": [],
            "outpost_arn": "",
            "password_data": "",
            "placement_group": "",
            "placement_group_id": "",
            "placement_partition_number": 0,
            "primary_network_interface": [
              {
                "delete_on_termination": true,
                "network_interface_id": "eni-013ae9da3c25e0771"
              }
            ],
            "primary_network_interface_id": "eni-013ae9da3c25e0771",
            "private_dns": "ip-172-31-8-18.us-east-2.compute.internal",
            "private_dns_name_options": [
              {
                "enable_resource_name_dns_a_record": false,
                "enable_resource_name_dns_aaaa_record": false,
                "hostname_type": "ip-name"
              }
            ],
            "private_ip": "172.31.8.18",
            "public_dns": "ec2-3-133-116-37.us-east-2.compute.amazonaws.com",
            "public_ip": "3.133.116.37",
            "region": "us-east-2",
            "root_block_device": [
              {
                "delete_on_termination": true,
                "device_name": "/dev/xvda",
                "encrypted": false,
                "iops": 3000,
                "kms_key_id": "",
                "tags": {},
                "tags_all": {},
                "throughput": 125,
                "volume_id": "vol-0422350d6eff19126",
                "volume_size": 8,
                "volume_type": "gp3"
              }
            ],
            "secondary_private_ips": [],
            "security_groups": [
              "proxy_sg"
            ],
            "source_dest_check": true,
            "spot_instance_request_id": "",
            "subnet_id": "subnet-0dd15bd9584529809",
            "tags": {
              "Name": "ProxyServer"
            },
            "tags_all": {
              "Name": "ProxyServer"
            },
            "tenancy": "default",
            "timeouts": null,
            "user_data": "#!/bin/bash\nyum update -y\nyum install -y squid\n\n# Configuración básica de Squid\ncat \u003e /etc/squid/squid.conf \u003c\u003c 'INNER_EOF'\nacl localnet src 0.0.0.0/0\nacl SSL_ports port 443\nacl Safe_ports port 80\nacl Safe_ports port 443\nacl CONNECT method CONNECT\n\nhttp_access deny !Safe_ports\nhttp_access deny CONNECT !SSL_ports\nhttp_access allow localnet\nhttp_access deny all\n\nhttp_port 3128\n              \n              \n# Configuración de logs\naccess_log /mnt/data/logs/access.log squid\ncache_log /mnt/data/logs/cache.log\n              \nINNER_EOF\n\n              \nmkfs.ext4 /dev/xvdf\nmkdir /mnt/data\nmount /dev/xvdf /mnt/data\nmkdir /mnt/data/logs\n              \nsystemctl start squid\nsystemctl enable squid\n              \n",
            "user_data_base64": null,
            "user_data_replace_on_change": false,
            "volume_tags": null,
            "vpc_security_group_ids": [
              "sg-0a1f3c159cf0c80da"
            ]
          },
          "sensitive_attributes": [],
          "identity_schema_version": 0,
          "identity": {
            "account_id": "196889535902",
            "id": "i-03a18b611f2c9abfa",
            "region": "us-east-2"
          },
          "private": "eyJlMmJmYjczMC1lY2FhLTExZTYtOGY4OC0zNDM2M2JjN2M0YzAiOnsiY3JlYXRlIjo2MDAwMDAwMDAwMDAsImRlbGV0ZSI6MTIwMDAwMDAwMDAwMCwicmVhZCI6OTAwMDAwMDAwMDAwLCJ1cGRhdGUiOjYwMDAwMDAwMDAwMH0sInNjaGVtYV92ZXJzaW9uIjoiMiJ9",
          "dependencies": [
            "module.ec2_instance.aws_security_group.proxy_sg"
          ]
        }
      ]
    },
    {
      "module": "module.ec2_instance",
      "mode": "managed",
      "type": "aws_security_group",
      "name": "proxy_sg",
      "provider": "provider[\"registry.terraform.io/hashicorp/aws\"]",
      "instances": [
        {
          "schema_version": 1,
          "attributes": {
            "arn": "arn:aws:ec2:us-east-2:196889535902:security-group/sg-0a1f3c159cf0c80da",
            "description": "Security group for proxy server",
            "egress": [
              {
                "cidr_blocks": [
                  "0.0.0.0/0"
                ],
                "description": "",
                "from_port": 0,
                "ipv6_cidr_blocks": [],
                "prefix_list_ids": [],
                "protocol": "-1",
                "security_groups": [],
                "self": false,
                "to_port": 0
              }
            ],
            "id": "sg-0a1f3c159cf0c80da",
            "ingress": [
              {
                "cidr_blocks": [
                  "0.0.0.0/0"
                ],
                "description": "",
                "from_port": 22,
                "ipv6_cidr_blocks": [],
                "prefix_list_ids": [],
                "protocol": "tcp",
                "security_groups": [],
                "self": false,
                "to_port": 22
              },
              {
                "cidr_blocks": [
                  "0.0.0.0/0"
                ],
                "description": "",
                "from_port": 3128,
                "ipv6_cidr_blocks": [],
                "prefix_list_ids": [],
                "protocol": "tcp",
                "security_groups": [],
                "self": false,
                "to_port": 3128
              }
            ],
            "name": "proxy_sg",
            "name_prefix": "",
            "owner_id": "196889535902",
            "region": "us-east-2",
            "revoke_rules_on_delete": false,
            "tags": {
              "Name": "proxy_sg"
            },
            "tags_all": {
              "Name": "proxy_sg"
            },
            "timeouts": null,
            "vpc_id": "vpc-0070a211fcfb3e8b6"
          },
          "sensitive_attributes": [],
          "identity_schema_version": 0,
          "identity": {
            "account_id": "196889535902",
            "id": "sg-0a1f3c159cf0c80da",
            "region": "us-east-2"
          },
          "private": "eyJlMmJmYjczMC1lY2FhLTExZTYtOGY4OC0zNDM2M2JjN2M0YzAiOnsiY3JlYXRlIjo2MDAwMDAwMDAwMDAsImRlbGV0ZSI6OTAwMDAwMDAwMDAwfSwic2NoZW1hX3ZlcnNpb24iOiIxIn0="
        }
      ]
    }
  ],
  "check_results": null
}
